
Microsoft Visual Studio Solution File, Format Version 12.00
# Visual Studio 15
VisualStudioVersion = 15.0.26124.0
MinimumVisualStudioVersion = 15.0.26124.0
Project("{2150E333-8FDC-42A3-9474-1A3956D46DE8}") = "src", "src", "{C69A7C01-574A-4526-81AC-028FA7FE1AEE}"
EndProject
Project("{FAE04EC0-301F-11D3-BF4B-00C04F79EFBC}") = "Embedded.Json.Localization", "src\Embedded.Json.Localization\Embedded.Json.Localization.csproj", "{2EE9E1AF-E4CD-4929-8BF8-C83284CC0208}"
EndProject
Project("{2150E333-8FDC-42A3-9474-1A3956D46DE8}") = "samples", "samples", "{51C72157-FF94-435E-A8BA-C7F7E8F1205B}"
EndProject
Project("{FAE04EC0-301F-11D3-BF4B-00C04F79EFBC}") = "MyLocalizedWebApp", "samples\MyLocalizedWebApp\MyLocalizedWebApp.csproj", "{119DD0F0-8173-49D0-B293-22B25F48BB12}"
EndProject
Global
	GlobalSection(SolutionConfigurationPlatforms) = preSolution
		Debug|Any CPU = Debug|Any CPU
		Debug|x64 = Debug|x64
		Debug|x86 = Debug|x86
		Release|Any CPU = Release|Any CPU
		Release|x64 = Release|x64
		Release|x86 = Release|x86
	EndGlobalSection
	GlobalSection(SolutionProperties) = preSolution
		HideSolutionNode = FALSE
	EndGlobalSection
	GlobalSection(ProjectConfigurationPlatforms) = postSolution
		{2EE9E1AF-E4CD-4929-8BF8-C83284CC0208}.Debug|Any CPU.ActiveCfg = Debug|Any CPU
		{2EE9E1AF-E4CD-4929-8BF8-C83284CC0208}.Debug|Any CPU.Build.0 = Debug|Any CPU
		{2EE9E1AF-E4CD-4929-8BF8-C83284CC0208}.Debug|x64.ActiveCfg = Debug|Any CPU
		{2EE9E1AF-E4CD-4929-8BF8-C83284CC0208}.Debug|x64.Build.0 = Debug|Any CPU
		{2EE9E1AF-E4CD-4929-8BF8-C83284CC0208}.Debug|x86.ActiveCfg = Debug|Any CPU
		{2EE9E1AF-E4CD-4929-8BF8-C83284CC0208}.Debug|x86.Build.0 = Debug|Any CPU
		{2EE9E1AF-E4CD-4929-8BF8-C83284CC0208}.Release|Any CPU.ActiveCfg = Release|Any CPU
		{2EE9E1AF-E4CD-4929-8BF8-C83284CC0208}.Release|Any CPU.Build.0 = Release|Any CPU
		{2EE9E1AF-E4CD-4929-8BF8-C83284CC0208}.Release|x64.ActiveCfg = Release|Any CPU
		{2EE9E1AF-E4CD-4929-8BF8-C83284CC0208}.Release|x64.Build.0 = Release|Any CPU
		{2EE9E1AF-E4CD-4929-8BF8-C83284CC0208}.Release|x86.ActiveCfg = Release|Any CPU
		{2EE9E1AF-E4CD-4929-8BF8-C83284CC0208}.Release|x86.Build.0 = Release|Any CPU
		{119DD0F0-8173-49D0-B293-22B25F48BB12}.Debug|Any CPU.ActiveCfg = Debug|Any CPU
		{119DD0F0-8173-49D0-B293-22B25F48BB12}.Debug|Any CPU.Build.0 = Debug|Any CPU
		{119DD0F0-8173-49D0-B293-22B25F48BB12}.Debug|x64.ActiveCfg = Debug|Any CPU
		{119DD0F0-8173-49D0-B293-22B25F48BB12}.Debug|x64.Build.0 = Debug|Any CPU
		{119DD0F0-8173-49D0-B293-22B25F48BB12}.Debug|x86.ActiveCfg = Debug|Any CPU
		{119DD0F0-8173-49D0-B293-22B25F48BB12}.Debug|x86.Build.0 = Debug|Any CPU
		{119DD0F0-8173-49D0-B293-22B25F48BB12}.Release|Any CPU.ActiveCfg = Release|Any CPU
		{119DD0F0-8173-49D0-B293-22B25F48BB12}.Release|Any CPU.Build.0 = Release|Any CPU
		{119DD0F0-8173-49D0-B293-22B25F48BB12}.Release|x64.ActiveCfg = Release|Any CPU
		{119DD0F0-8173-49D0-B293-22B25F48BB12}.Release|x64.Build.0 = Release|Any CPU
		{119DD0F0-8173-49D0-B293-22B25F48BB12}.Release|x86.ActiveCfg = Release|Any CPU
		{119DD0F0-8173-49D0-B293-22B25F48BB12}.Release|x86.Build.0 = Release|Any CPU
	EndGlobalSection
	GlobalSection(NestedProjects) = preSolution
		{2EE9E1AF-E4CD-4929-8BF8-C83284CC0208} = {C69A7C01-574A-4526-81AC-028FA7FE1AEE}
		{119DD0F0-8173-49D0-B293-22B25F48BB12} = {51C72157-FF94-435E-A8BA-C7F7E8F1205B}
	EndGlobalSection
EndGlobal
