
Microsoft Visual Studio Solution File, Format Version 12.00
# Visual Studio Version 17
VisualStudioVersion = 17.0.32014.148
MinimumVisualStudioVersion = 15.0.26124.0
Project("{2150E333-8FDC-42A3-9474-1A3956D46DE8}") = "src", "src", "{C69A7C01-574A-4526-81AC-028FA7FE1AEE}"
EndProject
Project("{9A19103F-16F7-4668-BE54-9A1E7A4F7556}") = "Embedded.Json.Localization", "src\Embedded.Json.Localization\Embedded.Json.Localization.csproj", "{2EE9E1AF-E4CD-4929-8BF8-C83284CC0208}"
EndProject
Project("{2150E333-8FDC-42A3-9474-1A3956D46DE8}") = "samples", "samples", "{51C72157-FF94-435E-A8BA-C7F7E8F1205B}"
EndProject
Project("{2150E333-8FDC-42A3-9474-1A3956D46DE8}") = "Solution Items", "Solution Items", "{7520B45B-0E12-460A-9019-A6B4CEA3CA22}"
	ProjectSection(SolutionItems) = preProject
		RELEASING.md = RELEASING.md
	EndProjectSection
EndProject
Project("{9A19103F-16F7-4668-BE54-9A1E7A4F7556}") = "MyLocalizedMvcWebApp", "samples\MyLocalizedMvcWebApp\MyLocalizedMvcWebApp.csproj", "{7C71AFC2-C5DF-4F5C-AAB5-483475C70301}"
EndProject
Global
	GlobalSection(SolutionConfigurationPlatforms) = preSolution
		Debug|Any CPU = Debug|Any CPU
		Debug|x64 = Debug|x64
		Debug|x86 = Debug|x86
		Release|Any CPU = Release|Any CPU
		Release|x64 = Release|x64
		Release|x86 = Release|x86
	EndGlobalSection
	GlobalSection(ProjectConfigurationPlatforms) = postSolution
		{2EE9E1AF-E4CD-4929-8BF8-C83284CC0208}.Debug|Any CPU.ActiveCfg = Debug|Any CPU
		{2EE9E1AF-E4CD-4929-8BF8-C83284CC0208}.Debug|Any CPU.Build.0 = Debug|Any CPU
		{2EE9E1AF-E4CD-4929-8BF8-C83284CC0208}.Debug|x64.ActiveCfg = Debug|Any CPU
		{2EE9E1AF-E4CD-4929-8BF8-C83284CC0208}.Debug|x64.Build.0 = Debug|Any CPU
		{2EE9E1AF-E4CD-4929-8BF8-C83284CC0208}.Debug|x86.ActiveCfg = Debug|Any CPU
		{2EE9E1AF-E4CD-4929-8BF8-C83284CC0208}.Debug|x86.Build.0 = Debug|Any CPU
		{2EE9E1AF-E4CD-4929-8BF8-C83284CC0208}.Release|Any CPU.ActiveCfg = Release|Any CPU
		{2EE9E1AF-E4CD-4929-8BF8-C83284CC0208}.Release|Any CPU.Build.0 = Release|Any CPU
		{2EE9E1AF-E4CD-4929-8BF8-C83284CC0208}.Release|x64.ActiveCfg = Release|Any CPU
		{2EE9E1AF-E4CD-4929-8BF8-C83284CC0208}.Release|x64.Build.0 = Release|Any CPU
		{2EE9E1AF-E4CD-4929-8BF8-C83284CC0208}.Release|x86.ActiveCfg = Release|Any CPU
		{2EE9E1AF-E4CD-4929-8BF8-C83284CC0208}.Release|x86.Build.0 = Release|Any CPU
		{7C71AFC2-C5DF-4F5C-AAB5-483475C70301}.Debug|Any CPU.ActiveCfg = Debug|Any CPU
		{7C71AFC2-C5DF-4F5C-AAB5-483475C70301}.Debug|Any CPU.Build.0 = Debug|Any CPU
		{7C71AFC2-C5DF-4F5C-AAB5-483475C70301}.Debug|x64.ActiveCfg = Debug|Any CPU
		{7C71AFC2-C5DF-4F5C-AAB5-483475C70301}.Debug|x64.Build.0 = Debug|Any CPU
		{7C71AFC2-C5DF-4F5C-AAB5-483475C70301}.Debug|x86.ActiveCfg = Debug|Any CPU
		{7C71AFC2-C5DF-4F5C-AAB5-483475C70301}.Debug|x86.Build.0 = Debug|Any CPU
		{7C71AFC2-C5DF-4F5C-AAB5-483475C70301}.Release|Any CPU.ActiveCfg = Release|Any CPU
		{7C71AFC2-C5DF-4F5C-AAB5-483475C70301}.Release|Any CPU.Build.0 = Release|Any CPU
		{7C71AFC2-C5DF-4F5C-AAB5-483475C70301}.Release|x64.ActiveCfg = Release|Any CPU
		{7C71AFC2-C5DF-4F5C-AAB5-483475C70301}.Release|x64.Build.0 = Release|Any CPU
		{7C71AFC2-C5DF-4F5C-AAB5-483475C70301}.Release|x86.ActiveCfg = Release|Any CPU
		{7C71AFC2-C5DF-4F5C-AAB5-483475C70301}.Release|x86.Build.0 = Release|Any CPU
	EndGlobalSection
	GlobalSection(SolutionProperties) = preSolution
		HideSolutionNode = FALSE
	EndGlobalSection
	GlobalSection(NestedProjects) = preSolution
		{2EE9E1AF-E4CD-4929-8BF8-C83284CC0208} = {C69A7C01-574A-4526-81AC-028FA7FE1AEE}
		{7C71AFC2-C5DF-4F5C-AAB5-483475C70301} = {51C72157-FF94-435E-A8BA-C7F7E8F1205B}
	EndGlobalSection
	GlobalSection(ExtensibilityGlobals) = postSolution
		SolutionGuid = {5FEDE703-BEAC-4555-B2AB-C31DFDE19833}
	EndGlobalSection
EndGlobal
